
Microsoft Visual Studio Solution File, Format Version 12.00
# Visual Studio Version 17
VisualStudioVersion = 17.0.31903.59
MinimumVisualStudioVersion = 10.0.40219.1
Project("{FAE04EC0-301F-11D3-BF4B-00C04F79EFBC}") = "D2ETL.Api", "D2ETL.Api\D2ETL.Api.csproj", "{0BC40E39-B13E-4883-9463-AB2020FE5F3F}"
EndProject
Project("{FAE04EC0-301F-11D3-BF4B-00C04F79EFBC}") = "D2ETL.Core", "D2ETL.Core\D2ETL.Core.csproj", "{0015ECC7-70C4-46F3-A977-A6C1ECE46106}"
EndProject
Project("{FAE04EC0-301F-11D3-BF4B-00C04F79EFBC}") = "D2ETL.Infrastructure", "D2ETL.Infrastructure\D2ETL.Infrastructure.csproj", "{B9C761CB-FE9C-4E2C-9EB6-E3D9ADD22861}"
EndProject
Project("{FAE04EC0-301F-11D3-BF4B-00C04F79EFBC}") = "D2ETL.Logging", "D2ETL.Logging\D2ETL.Logging.csproj", "{B19E197B-9630-44E4-91AC-D28CF7E25ADD}"
EndProject
Project("{54A90642-561A-4BB1-A94E-469ADEE60C69}") = "d2etl.weaponviewer", "D2ETL.WeaponViewer\d2etl.weaponviewer.esproj", "{A3485CD3-3EAE-459A-87EC-3922485BE7CF}"
EndProject
Project("{FAE04EC0-301F-11D3-BF4B-00C04F79EFBC}") = "Playground", "Playground\Playground.csproj", "{4AF56B3D-F239-4F79-A25F-D5BC703E835F}"
EndProject
Global
	GlobalSection(SolutionConfigurationPlatforms) = preSolution
		Debug|Any CPU = Debug|Any CPU
		Release|Any CPU = Release|Any CPU
	EndGlobalSection
	GlobalSection(ProjectConfigurationPlatforms) = postSolution
		{0BC40E39-B13E-4883-9463-AB2020FE5F3F}.Debug|Any CPU.ActiveCfg = Debug|Any CPU
		{0BC40E39-B13E-4883-9463-AB2020FE5F3F}.Debug|Any CPU.Build.0 = Debug|Any CPU
		{0BC40E39-B13E-4883-9463-AB2020FE5F3F}.Release|Any CPU.ActiveCfg = Release|Any CPU
		{0BC40E39-B13E-4883-9463-AB2020FE5F3F}.Release|Any CPU.Build.0 = Release|Any CPU
		{0015ECC7-70C4-46F3-A977-A6C1ECE46106}.Debug|Any CPU.ActiveCfg = Debug|Any CPU
		{0015ECC7-70C4-46F3-A977-A6C1ECE46106}.Debug|Any CPU.Build.0 = Debug|Any CPU
		{0015ECC7-70C4-46F3-A977-A6C1ECE46106}.Release|Any CPU.ActiveCfg = Release|Any CPU
		{0015ECC7-70C4-46F3-A977-A6C1ECE46106}.Release|Any CPU.Build.0 = Release|Any CPU
		{B9C761CB-FE9C-4E2C-9EB6-E3D9ADD22861}.Debug|Any CPU.ActiveCfg = Debug|Any CPU
		{B9C761CB-FE9C-4E2C-9EB6-E3D9ADD22861}.Debug|Any CPU.Build.0 = Debug|Any CPU
		{B9C761CB-FE9C-4E2C-9EB6-E3D9ADD22861}.Release|Any CPU.ActiveCfg = Release|Any CPU
		{B9C761CB-FE9C-4E2C-9EB6-E3D9ADD22861}.Release|Any CPU.Build.0 = Release|Any CPU
		{B19E197B-9630-44E4-91AC-D28CF7E25ADD}.Debug|Any CPU.ActiveCfg = Debug|Any CPU
		{B19E197B-9630-44E4-91AC-D28CF7E25ADD}.Debug|Any CPU.Build.0 = Debug|Any CPU
		{B19E197B-9630-44E4-91AC-D28CF7E25ADD}.Release|Any CPU.ActiveCfg = Release|Any CPU
		{B19E197B-9630-44E4-91AC-D28CF7E25ADD}.Release|Any CPU.Build.0 = Release|Any CPU
		{A3485CD3-3EAE-459A-87EC-3922485BE7CF}.Debug|Any CPU.ActiveCfg = Debug|Any CPU
		{A3485CD3-3EAE-459A-87EC-3922485BE7CF}.Debug|Any CPU.Build.0 = Debug|Any CPU
		{A3485CD3-3EAE-459A-87EC-3922485BE7CF}.Debug|Any CPU.Deploy.0 = Debug|Any CPU
		{A3485CD3-3EAE-459A-87EC-3922485BE7CF}.Release|Any CPU.ActiveCfg = Release|Any CPU
		{A3485CD3-3EAE-459A-87EC-3922485BE7CF}.Release|Any CPU.Build.0 = Release|Any CPU
		{A3485CD3-3EAE-459A-87EC-3922485BE7CF}.Release|Any CPU.Deploy.0 = Release|Any CPU
		{4AF56B3D-F239-4F79-A25F-D5BC703E835F}.Debug|Any CPU.ActiveCfg = Debug|Any CPU
		{4AF56B3D-F239-4F79-A25F-D5BC703E835F}.Debug|Any CPU.Build.0 = Debug|Any CPU
		{4AF56B3D-F239-4F79-A25F-D5BC703E835F}.Release|Any CPU.ActiveCfg = Release|Any CPU
		{4AF56B3D-F239-4F79-A25F-D5BC703E835F}.Release|Any CPU.Build.0 = Release|Any CPU
	EndGlobalSection
	GlobalSection(SolutionProperties) = preSolution
		HideSolutionNode = FALSE
	EndGlobalSection
EndGlobal
